
Microsoft Visual Studio Solution File, Format Version 12.00
# Visual Studio Version 17
VisualStudioVersion = 17.12.35707.178
MinimumVisualStudioVersion = 10.0.40219.1
Project("{FAE04EC0-301F-11D3-BF4B-00C04F79EFBC}") = "ReadExcel", "ReadExcel\ReadExcel.csproj", "{A34E3300-F20C-434B-BF70-94A94ABBF90C}"
EndProject
Project("{FAE04EC0-301F-11D3-BF4B-00C04F79EFBC}") = "Finalize", "Finalize\Finalize.csproj", "{1BD90739-81A1-4124-9130-ADC6A1222402}"
EndProject
Global
	GlobalSection(SolutionConfigurationPlatforms) = preSolution
		Debug|Any CPU = Debug|Any CPU
		Release|Any CPU = Release|Any CPU
	EndGlobalSection
	GlobalSection(ProjectConfigurationPlatforms) = postSolution
		{A34E3300-F20C-434B-BF70-94A94ABBF90C}.Debug|Any CPU.ActiveCfg = Debug|Any CPU
		{A34E3300-F20C-434B-BF70-94A94ABBF90C}.Debug|Any CPU.Build.0 = Debug|Any CPU
		{A34E3300-F20C-434B-BF70-94A94ABBF90C}.Release|Any CPU.ActiveCfg = Release|Any CPU
		{A34E3300-F20C-434B-BF70-94A94ABBF90C}.Release|Any CPU.Build.0 = Release|Any CPU
		{1BD90739-81A1-4124-9130-ADC6A1222402}.Debug|Any CPU.ActiveCfg = Debug|Any CPU
		{1BD90739-81A1-4124-9130-ADC6A1222402}.Debug|Any CPU.Build.0 = Debug|Any CPU
		{1BD90739-81A1-4124-9130-ADC6A1222402}.Release|Any CPU.ActiveCfg = Release|Any CPU
		{1BD90739-81A1-4124-9130-ADC6A1222402}.Release|Any CPU.Build.0 = Release|Any CPU
	EndGlobalSection
	GlobalSection(SolutionProperties) = preSolution
		HideSolutionNode = FALSE
	EndGlobalSection
EndGlobal
